
Microsoft Visual Studio Solution File, Format Version 12.00
# Visual Studio 15
VisualStudioVersion = 15.0.27703.2000
MinimumVisualStudioVersion = 10.0.40219.1
Project("{FAE04EC0-301F-11D3-BF4B-00C04F79EFBC}") = "EssentialCSharp8", "EssentialCSharp8\EssentialCSharp8.csproj", "{6325AAAD-092A-4D33-A36B-D0800F0D6C69}"
EndProject
Global
	GlobalSection(SolutionConfigurationPlatforms) = preSolution
		Debug|Any CPU = Debug|Any CPU
		Release|Any CPU = Release|Any CPU
	EndGlobalSection
	GlobalSection(ProjectConfigurationPlatforms) = postSolution
		{6325AAAD-092A-4D33-A36B-D0800F0D6C69}.Debug|Any CPU.ActiveCfg = Debug|Any CPU
		{6325AAAD-092A-4D33-A36B-D0800F0D6C69}.Debug|Any CPU.Build.0 = Debug|Any CPU
		{6325AAAD-092A-4D33-A36B-D0800F0D6C69}.Release|Any CPU.ActiveCfg = Release|Any CPU
		{6325AAAD-092A-4D33-A36B-D0800F0D6C69}.Release|Any CPU.Build.0 = Release|Any CPU
	EndGlobalSection
	GlobalSection(SolutionProperties) = preSolution
		HideSolutionNode = FALSE
	EndGlobalSection
	GlobalSection(ExtensibilityGlobals) = postSolution
		SolutionGuid = {2CDB5D33-B219-41F6-B029-7EEE34B10A3F}
	EndGlobalSection
EndGlobal
